// !$*UTF8*$!
{
	archiveVersion = 1;
	classes = {
	};
	objectVersion = 46;
	objects = {

/* Begin PBXBuildFile section */
		E697EC0D18DC1DCC0046ED1D /* GLLandViewController.m in Sources */ = {isa = PBXBuildFile; fileRef = E697EC0C18DC1DCC0046ED1D /* GLLandViewController.m */; };
		E697EC1218DE81BC0046ED1D /* GLChartDomain.m in Sources */ = {isa = PBXBuildFile; fileRef = E697EC1118DE81BC0046ED1D /* GLChartDomain.m */; };
		E6EDA6C418D9713700D533C5 /* Foundation.framework in Frameworks */ = {isa = PBXBuildFile; fileRef = E6EDA6C318D9713700D533C5 /* Foundation.framework */; };
		E6EDA6C618D9713700D533C5 /* CoreGraphics.framework in Frameworks */ = {isa = PBXBuildFile; fileRef = E6EDA6C518D9713700D533C5 /* CoreGraphics.framework */; };
		E6EDA6C818D9713700D533C5 /* UIKit.framework in Frameworks */ = {isa = PBXBuildFile; fileRef = E6EDA6C718D9713700D533C5 /* UIKit.framework */; };
		E6EDA6CE18D9713700D533C5 /* InfoPlist.strings in Resources */ = {isa = PBXBuildFile; fileRef = E6EDA6CC18D9713700D533C5 /* InfoPlist.strings */; };
		E6EDA6D018D9713700D533C5 /* main.m in Sources */ = {isa = PBXBuildFile; fileRef = E6EDA6CF18D9713700D533C5 /* main.m */; };
		E6EDA6D418D9713700D533C5 /* GLAppDelegate.m in Sources */ = {isa = PBXBuildFile; fileRef = E6EDA6D318D9713700D533C5 /* GLAppDelegate.m */; };
		E6EDA6D718D9713700D533C5 /* Main.storyboard in Resources */ = {isa = PBXBuildFile; fileRef = E6EDA6D518D9713700D533C5 /* Main.storyboard */; };
		E6EDA6DA18D9713700D533C5 /* GLViewController.m in Sources */ = {isa = PBXBuildFile; fileRef = E6EDA6D918D9713700D533C5 /* GLViewController.m */; };
		E6EDA6DC18D9713700D533C5 /* Images.xcassets in Resources */ = {isa = PBXBuildFile; fileRef = E6EDA6DB18D9713700D533C5 /* Images.xcassets */; };
		E6EDA6E318D9713700D533C5 /* XCTest.framework in Frameworks */ = {isa = PBXBuildFile; fileRef = E6EDA6E218D9713700D533C5 /* XCTest.framework */; };
		E6EDA6E418D9713700D533C5 /* Foundation.framework in Frameworks */ = {isa = PBXBuildFile; fileRef = E6EDA6C318D9713700D533C5 /* Foundation.framework */; };
		E6EDA6E518D9713700D533C5 /* UIKit.framework in Frameworks */ = {isa = PBXBuildFile; fileRef = E6EDA6C718D9713700D533C5 /* UIKit.framework */; };
		E6EDA6ED18D9713700D533C5 /* InfoPlist.strings in Resources */ = {isa = PBXBuildFile; fileRef = E6EDA6EB18D9713700D533C5 /* InfoPlist.strings */; };
		E6EDA6EF18D9713700D533C5 /* GLLineChartViewTests.m in Sources */ = {isa = PBXBuildFile; fileRef = E6EDA6EE18D9713700D533C5 /* GLLineChartViewTests.m */; };
		E6EDA6FC18D972C200D533C5 /* GLLineChartView.m in Sources */ = {isa = PBXBuildFile; fileRef = E6EDA6FB18D972C200D533C5 /* GLLineChartView.m */; };
		E6EDA70418D97FD100D533C5 /* GLChartCell.m in Sources */ = {isa = PBXBuildFile; fileRef = E6EDA70318D97FD100D533C5 /* GLChartCell.m */; };
		E6EDA70718D9857500D533C5 /* GLChartCellLayer.m in Sources */ = {isa = PBXBuildFile; fileRef = E6EDA70618D9857500D533C5 /* GLChartCellLayer.m */; };
		E6EDA70A18DAE07000D533C5 /* GLCollectionViewLayout.m in Sources */ = {isa = PBXBuildFile; fileRef = E6EDA70918DAE07000D533C5 /* GLCollectionViewLayout.m */; };
		E6EDA70D18DAF35700D533C5 /* GLCollectionHeader.m in Sources */ = {isa = PBXBuildFile; fileRef = E6EDA70C18DAF35700D533C5 /* GLCollectionHeader.m */; };
/* End PBXBuildFile section */

/* Begin PBXContainerItemProxy section */
		E6EDA6E618D9713700D533C5 /* PBXContainerItemProxy */ = {
			isa = PBXContainerItemProxy;
			containerPortal = E6EDA6B818D9713700D533C5 /* Project object */;
			proxyType = 1;
			remoteGlobalIDString = E6EDA6BF18D9713700D533C5;
			remoteInfo = GLLineChartView;
		};
/* End PBXContainerItemProxy section */

/* Begin PBXFileReference section */
		E697EC0B18DC1DCC0046ED1D /* GLLandViewController.h */ = {isa = PBXFileReference; fileEncoding = 4; lastKnownFileType = sourcecode.c.h; path = GLLandViewController.h; sourceTree = "<group>"; };
		E697EC0C18DC1DCC0046ED1D /* GLLandViewController.m */ = {isa = PBXFileReference; fileEncoding = 4; lastKnownFileType = sourcecode.c.objc; path = GLLandViewController.m; sourceTree = "<group>"; };
		E697EC1018DE81BC0046ED1D /* GLChartDomain.h */ = {isa = PBXFileReference; fileEncoding = 4; lastKnownFileType = sourcecode.c.h; path = GLChartDomain.h; sourceTree = "<group>"; };
		E697EC1118DE81BC0046ED1D /* GLChartDomain.m */ = {isa = PBXFileReference; fileEncoding = 4; lastKnownFileType = sourcecode.c.objc; path = GLChartDomain.m; sourceTree = "<group>"; };
		E6EDA6C018D9713700D533C5 /* GLLineChartView.app */ = {isa = PBXFileReference; explicitFileType = wrapper.application; includeInIndex = 0; path = GLLineChartView.app; sourceTree = BUILT_PRODUCTS_DIR; };
		E6EDA6C318D9713700D533C5 /* Foundation.framework */ = {isa = PBXFileReference; lastKnownFileType = wrapper.framework; name = Foundation.framework; path = System/Library/Frameworks/Foundation.framework; sourceTree = SDKROOT; };
		E6EDA6C518D9713700D533C5 /* CoreGraphics.framework */ = {isa = PBXFileReference; lastKnownFileType = wrapper.framework; name = CoreGraphics.framework; path = System/Library/Frameworks/CoreGraphics.framework; sourceTree = SDKROOT; };
		E6EDA6C718D9713700D533C5 /* UIKit.framework */ = {isa = PBXFileReference; lastKnownFileType = wrapper.framework; name = UIKit.framework; path = System/Library/Frameworks/UIKit.framework; sourceTree = SDKROOT; };
		E6EDA6CB18D9713700D533C5 /* GLLineChartView-Info.plist */ = {isa = PBXFileReference; lastKnownFileType = text.plist.xml; path = "GLLineChartView-Info.plist"; sourceTree = "<group>"; };
		E6EDA6CD18D9713700D533C5 /* en */ = {isa = PBXFileReference; lastKnownFileType = text.plist.strings; name = en; path = en.lproj/InfoPlist.strings; sourceTree = "<group>"; };
		E6EDA6CF18D9713700D533C5 /* main.m */ = {isa = PBXFileReference; lastKnownFileType = sourcecode.c.objc; path = main.m; sourceTree = "<group>"; };
		E6EDA6D118D9713700D533C5 /* GLLineChartView-Prefix.pch */ = {isa = PBXFileReference; lastKnownFileType = sourcecode.c.h; path = "GLLineChartView-Prefix.pch"; sourceTree = "<group>"; };
		E6EDA6D218D9713700D533C5 /* GLAppDelegate.h */ = {isa = PBXFileReference; lastKnownFileType = sourcecode.c.h; path = GLAppDelegate.h; sourceTree = "<group>"; };
		E6EDA6D318D9713700D533C5 /* GLAppDelegate.m */ = {isa = PBXFileReference; lastKnownFileType = sourcecode.c.objc; path = GLAppDelegate.m; sourceTree = "<group>"; };
		E6EDA6D618D9713700D533C5 /* Base */ = {isa = PBXFileReference; lastKnownFileType = file.storyboard; name = Base; path = Base.lproj/Main.storyboard; sourceTree = "<group>"; };
		E6EDA6D818D9713700D533C5 /* GLViewController.h */ = {isa = PBXFileReference; lastKnownFileType = sourcecode.c.h; path = GLViewController.h; sourceTree = "<group>"; };
		E6EDA6D918D9713700D533C5 /* GLViewController.m */ = {isa = PBXFileReference; lastKnownFileType = sourcecode.c.objc; path = GLViewController.m; sourceTree = "<group>"; };
		E6EDA6DB18D9713700D533C5 /* Images.xcassets */ = {isa = PBXFileReference; lastKnownFileType = folder.assetcatalog; path = Images.xcassets; sourceTree = "<group>"; };
		E6EDA6E118D9713700D533C5 /* GLLineChartViewTests.xctest */ = {isa = PBXFileReference; explicitFileType = wrapper.cfbundle; includeInIndex = 0; path = GLLineChartViewTests.xctest; sourceTree = BUILT_PRODUCTS_DIR; };
		E6EDA6E218D9713700D533C5 /* XCTest.framework */ = {isa = PBXFileReference; lastKnownFileType = wrapper.framework; name = XCTest.framework; path = Library/Frameworks/XCTest.framework; sourceTree = DEVELOPER_DIR; };
		E6EDA6EA18D9713700D533C5 /* GLLineChartViewTests-Info.plist */ = {isa = PBXFileReference; lastKnownFileType = text.plist.xml; path = "GLLineChartViewTests-Info.plist"; sourceTree = "<group>"; };
		E6EDA6EC18D9713700D533C5 /* en */ = {isa = PBXFileReference; lastKnownFileType = text.plist.strings; name = en; path = en.lproj/InfoPlist.strings; sourceTree = "<group>"; };
		E6EDA6EE18D9713700D533C5 /* GLLineChartViewTests.m */ = {isa = PBXFileReference; lastKnownFileType = sourcecode.c.objc; path = GLLineChartViewTests.m; sourceTree = "<group>"; };
		E6EDA6FA18D972C200D533C5 /* GLLineChartView.h */ = {isa = PBXFileReference; fileEncoding = 4; lastKnownFileType = sourcecode.c.h; path = GLLineChartView.h; sourceTree = "<group>"; };
		E6EDA6FB18D972C200D533C5 /* GLLineChartView.m */ = {isa = PBXFileReference; fileEncoding = 4; lastKnownFileType = sourcecode.c.objc; path = GLLineChartView.m; sourceTree = "<group>"; };
		E6EDA70218D97FD100D533C5 /* GLChartCell.h */ = {isa = PBXFileReference; fileEncoding = 4; lastKnownFileType = sourcecode.c.h; name = GLChartCell.h; path = GLLineChartView/GLChartCell.h; sourceTree = SOURCE_ROOT; };
		E6EDA70318D97FD100D533C5 /* GLChartCell.m */ = {isa = PBXFileReference; fileEncoding = 4; lastKnownFileType = sourcecode.c.objc; name = GLChartCell.m; path = GLLineChartView/GLChartCell.m; sourceTree = SOURCE_ROOT; };
		E6EDA70518D9857500D533C5 /* GLChartCellLayer.h */ = {isa = PBXFileReference; fileEncoding = 4; lastKnownFileType = sourcecode.c.h; path = GLChartCellLayer.h; sourceTree = "<group>"; };
		E6EDA70618D9857500D533C5 /* GLChartCellLayer.m */ = {isa = PBXFileReference; fileEncoding = 4; lastKnownFileType = sourcecode.c.objc; path = GLChartCellLayer.m; sourceTree = "<group>"; };
		E6EDA70818DAE07000D533C5 /* GLCollectionViewLayout.h */ = {isa = PBXFileReference; fileEncoding = 4; lastKnownFileType = sourcecode.c.h; path = GLCollectionViewLayout.h; sourceTree = "<group>"; };
		E6EDA70918DAE07000D533C5 /* GLCollectionViewLayout.m */ = {isa = PBXFileReference; fileEncoding = 4; lastKnownFileType = sourcecode.c.objc; path = GLCollectionViewLayout.m; sourceTree = "<group>"; };
		E6EDA70B18DAF35700D533C5 /* GLCollectionHeader.h */ = {isa = PBXFileReference; fileEncoding = 4; lastKnownFileType = sourcecode.c.h; path = GLCollectionHeader.h; sourceTree = "<group>"; };
		E6EDA70C18DAF35700D533C5 /* GLCollectionHeader.m */ = {isa = PBXFileReference; fileEncoding = 4; lastKnownFileType = sourcecode.c.objc; path = GLCollectionHeader.m; sourceTree = "<group>"; };
/* End PBXFileReference section */

/* Begin PBXFrameworksBuildPhase section */
		E6EDA6BD18D9713700D533C5 /* Frameworks */ = {
			isa = PBXFrameworksBuildPhase;
			buildActionMask = 2147483647;
			files = (
				E6EDA6C618D9713700D533C5 /* CoreGraphics.framework in Frameworks */,
				E6EDA6C818D9713700D533C5 /* UIKit.framework in Frameworks */,
				E6EDA6C418D9713700D533C5 /* Foundation.framework in Frameworks */,
			);
			runOnlyForDeploymentPostprocessing = 0;
		};
		E6EDA6DE18D9713700D533C5 /* Frameworks */ = {
			isa = PBXFrameworksBuildPhase;
			buildActionMask = 2147483647;
			files = (
				E6EDA6E318D9713700D533C5 /* XCTest.framework in Frameworks */,
				E6EDA6E518D9713700D533C5 /* UIKit.framework in Frameworks */,
				E6EDA6E418D9713700D533C5 /* Foundation.framework in Frameworks */,
			);
			runOnlyForDeploymentPostprocessing = 0;
		};
/* End PBXFrameworksBuildPhase section */

/* Begin PBXGroup section */
		E6EDA6B718D9713700D533C5 = {
			isa = PBXGroup;
			children = (
				E6EDA6C918D9713700D533C5 /* GLLineChartView */,
				E6EDA6E818D9713700D533C5 /* GLLineChartViewTests */,
				E6EDA6C218D9713700D533C5 /* Frameworks */,
				E6EDA6C118D9713700D533C5 /* Products */,
			);
			sourceTree = "<group>";
		};
		E6EDA6C118D9713700D533C5 /* Products */ = {
			isa = PBXGroup;
			children = (
				E6EDA6C018D9713700D533C5 /* GLLineChartView.app */,
				E6EDA6E118D9713700D533C5 /* GLLineChartViewTests.xctest */,
			);
			name = Products;
			sourceTree = "<group>";
		};
		E6EDA6C218D9713700D533C5 /* Frameworks */ = {
			isa = PBXGroup;
			children = (
				E6EDA6C318D9713700D533C5 /* Foundation.framework */,
				E6EDA6C518D9713700D533C5 /* CoreGraphics.framework */,
				E6EDA6C718D9713700D533C5 /* UIKit.framework */,
				E6EDA6E218D9713700D533C5 /* XCTest.framework */,
			);
			name = Frameworks;
			sourceTree = "<group>";
		};
		E6EDA6C918D9713700D533C5 /* GLLineChartView */ = {
			isa = PBXGroup;
			children = (
				E6EDA6F918D972AC00D533C5 /* Classes */,
				E6EDA6D218D9713700D533C5 /* GLAppDelegate.h */,
				E6EDA6D318D9713700D533C5 /* GLAppDelegate.m */,
				E6EDA6D518D9713700D533C5 /* Main.storyboard */,
				E6EDA6D818D9713700D533C5 /* GLViewController.h */,
				E6EDA6D918D9713700D533C5 /* GLViewController.m */,
				E697EC0B18DC1DCC0046ED1D /* GLLandViewController.h */,
				E697EC0C18DC1DCC0046ED1D /* GLLandViewController.m */,
				E6EDA6DB18D9713700D533C5 /* Images.xcassets */,
				E6EDA6CA18D9713700D533C5 /* Supporting Files */,
			);
			path = GLLineChartView;
			sourceTree = "<group>";
		};
		E6EDA6CA18D9713700D533C5 /* Supporting Files */ = {
			isa = PBXGroup;
			children = (
				E6EDA6CB18D9713700D533C5 /* GLLineChartView-Info.plist */,
				E6EDA6CC18D9713700D533C5 /* InfoPlist.strings */,
				E6EDA6CF18D9713700D533C5 /* main.m */,
				E6EDA6D118D9713700D533C5 /* GLLineChartView-Prefix.pch */,
			);
			name = "Supporting Files";
			sourceTree = "<group>";
		};
		E6EDA6E818D9713700D533C5 /* GLLineChartViewTests */ = {
			isa = PBXGroup;
			children = (
				E6EDA6EE18D9713700D533C5 /* GLLineChartViewTests.m */,
				E6EDA6E918D9713700D533C5 /* Supporting Files */,
			);
			path = GLLineChartViewTests;
			sourceTree = "<group>";
		};
		E6EDA6E918D9713700D533C5 /* Supporting Files */ = {
			isa = PBXGroup;
			children = (
				E6EDA6EA18D9713700D533C5 /* GLLineChartViewTests-Info.plist */,
				E6EDA6EB18D9713700D533C5 /* InfoPlist.strings */,
			);
			name = "Supporting Files";
			sourceTree = "<group>";
		};
		E6EDA6F918D972AC00D533C5 /* Classes */ = {
			isa = PBXGroup;
			children = (
				E6EDA70518D9857500D533C5 /* GLChartCellLayer.h */,
				E6EDA70618D9857500D533C5 /* GLChartCellLayer.m */,
				E6EDA70218D97FD100D533C5 /* GLChartCell.h */,
				E6EDA70318D97FD100D533C5 /* GLChartCell.m */,
				E6EDA6FA18D972C200D533C5 /* GLLineChartView.h */,
				E6EDA6FB18D972C200D533C5 /* GLLineChartView.m */,
				E6EDA70818DAE07000D533C5 /* GLCollectionViewLayout.h */,
				E6EDA70918DAE07000D533C5 /* GLCollectionViewLayout.m */,
				E6EDA70B18DAF35700D533C5 /* GLCollectionHeader.h */,
				E6EDA70C18DAF35700D533C5 /* GLCollectionHeader.m */,
				E697EC1018DE81BC0046ED1D /* GLChartDomain.h */,
				E697EC1118DE81BC0046ED1D /* GLChartDomain.m */,
			);
			path = Classes;
			sourceTree = "<group>";
		};
/* End PBXGroup section */

/* Begin PBXNativeTarget section */
		E6EDA6BF18D9713700D533C5 /* GLLineChartView */ = {
			isa = PBXNativeTarget;
			buildConfigurationList = E6EDA6F218D9713700D533C5 /* Build configuration list for PBXNativeTarget "GLLineChartView" */;
			buildPhases = (
				E6EDA6BC18D9713700D533C5 /* Sources */,
				E6EDA6BD18D9713700D533C5 /* Frameworks */,
				E6EDA6BE18D9713700D533C5 /* Resources */,
			);
			buildRules = (
			);
			dependencies = (
			);
			name = GLLineChartView;
			productName = GLLineChartView;
			productReference = E6EDA6C018D9713700D533C5 /* GLLineChartView.app */;
			productType = "com.apple.product-type.application";
		};
		E6EDA6E018D9713700D533C5 /* GLLineChartViewTests */ = {
			isa = PBXNativeTarget;
			buildConfigurationList = E6EDA6F518D9713700D533C5 /* Build configuration list for PBXNativeTarget "GLLineChartViewTests" */;
			buildPhases = (
				E6EDA6DD18D9713700D533C5 /* Sources */,
				E6EDA6DE18D9713700D533C5 /* Frameworks */,
				E6EDA6DF18D9713700D533C5 /* Resources */,
			);
			buildRules = (
			);
			dependencies = (
				E6EDA6E718D9713700D533C5 /* PBXTargetDependency */,
			);
			name = GLLineChartViewTests;
			productName = GLLineChartViewTests;
			productReference = E6EDA6E118D9713700D533C5 /* GLLineChartViewTests.xctest */;
			productType = "com.apple.product-type.bundle.unit-test";
		};
/* End PBXNativeTarget section */

/* Begin PBXProject section */
		E6EDA6B818D9713700D533C5 /* Project object */ = {
			isa = PBXProject;
			attributes = {
				CLASSPREFIX = GL;
				LastUpgradeCheck = 0510;
				ORGANIZATIONNAME = ganlvji;
				TargetAttributes = {
					E6EDA6E018D9713700D533C5 = {
						TestTargetID = E6EDA6BF18D9713700D533C5;
					};
				};
			};
			buildConfigurationList = E6EDA6BB18D9713700D533C5 /* Build configuration list for PBXProject "GLLineChartView" */;
			compatibilityVersion = "Xcode 3.2";
			developmentRegion = English;
			hasScannedForEncodings = 0;
			knownRegions = (
				en,
				Base,
			);
			mainGroup = E6EDA6B718D9713700D533C5;
			productRefGroup = E6EDA6C118D9713700D533C5 /* Products */;
			projectDirPath = "";
			projectRoot = "";
			targets = (
				E6EDA6BF18D9713700D533C5 /* GLLineChartView */,
				E6EDA6E018D9713700D533C5 /* GLLineChartViewTests */,
			);
		};
/* End PBXProject section */

/* Begin PBXResourcesBuildPhase section */
		E6EDA6BE18D9713700D533C5 /* Resources */ = {
			isa = PBXResourcesBuildPhase;
			buildActionMask = 2147483647;
			files = (
				E6EDA6DC18D9713700D533C5 /* Images.xcassets in Resources */,
				E6EDA6CE18D9713700D533C5 /* InfoPlist.strings in Resources */,
				E6EDA6D718D9713700D533C5 /* Main.storyboard in Resources */,
			);
			runOnlyForDeploymentPostprocessing = 0;
		};
		E6EDA6DF18D9713700D533C5 /* Resources */ = {
			isa = PBXResourcesBuildPhase;
			buildActionMask = 2147483647;
			files = (
				E6EDA6ED18D9713700D533C5 /* InfoPlist.strings in Resources */,
			);
			runOnlyForDeploymentPostprocessing = 0;
		};
/* End PBXResourcesBuildPhase section */

/* Begin PBXSourcesBuildPhase section */
		E6EDA6BC18D9713700D533C5 /* Sources */ = {
			isa = PBXSourcesBuildPhase;
			buildActionMask = 2147483647;
			files = (
				E697EC0D18DC1DCC0046ED1D /* GLLandViewController.m in Sources */,
				E6EDA6FC18D972C200D533C5 /* GLLineChartView.m in Sources */,
				E6EDA70A18DAE07000D533C5 /* GLCollectionViewLayout.m in Sources */,
				E6EDA6D018D9713700D533C5 /* main.m in Sources */,
				E6EDA6DA18D9713700D533C5 /* GLViewController.m in Sources */,
				E6EDA70418D97FD100D533C5 /* GLChartCell.m in Sources */,
				E6EDA6D418D9713700D533C5 /* GLAppDelegate.m in Sources */,
				E6EDA70718D9857500D533C5 /* GLChartCellLayer.m in Sources */,
				E6EDA70D18DAF35700D533C5 /* GLCollectionHeader.m in Sources */,
				E697EC1218DE81BC0046ED1D /* GLChartDomain.m in Sources */,
			);
			runOnlyForDeploymentPostprocessing = 0;
		};
		E6EDA6DD18D9713700D533C5 /* Sources */ = {
			isa = PBXSourcesBuildPhase;
			buildActionMask = 2147483647;
			files = (
				E6EDA6EF18D9713700D533C5 /* GLLineChartViewTests.m in Sources */,
			);
			runOnlyForDeploymentPostprocessing = 0;
		};
/* End PBXSourcesBuildPhase section */

/* Begin PBXTargetDependency section */
		E6EDA6E718D9713700D533C5 /* PBXTargetDependency */ = {
			isa = PBXTargetDependency;
			target = E6EDA6BF18D9713700D533C5 /* GLLineChartView */;
			targetProxy = E6EDA6E618D9713700D533C5 /* PBXContainerItemProxy */;
		};
/* End PBXTargetDependency section */

/* Begin PBXVariantGroup section */
		E6EDA6CC18D9713700D533C5 /* InfoPlist.strings */ = {
			isa = PBXVariantGroup;
			children = (
				E6EDA6CD18D9713700D533C5 /* en */,
			);
			name = InfoPlist.strings;
			sourceTree = "<group>";
		};
		E6EDA6D518D9713700D533C5 /* Main.storyboard */ = {
			isa = PBXVariantGroup;
			children = (
				E6EDA6D618D9713700D533C5 /* Base */,
			);
			name = Main.storyboard;
			sourceTree = "<group>";
		};
		E6EDA6EB18D9713700D533C5 /* InfoPlist.strings */ = {
			isa = PBXVariantGroup;
			children = (
				E6EDA6EC18D9713700D533C5 /* en */,
			);
			name = InfoPlist.strings;
			sourceTree = "<group>";
		};
/* End PBXVariantGroup section */

/* Begin XCBuildConfiguration section */
		E6EDA6F018D9713700D533C5 /* Debug */ = {
			isa = XCBuildConfiguration;
			buildSettings = {
				ALWAYS_SEARCH_USER_PATHS = NO;
				CLANG_CXX_LANGUAGE_STANDARD = "gnu++0x";
				CLANG_CXX_LIBRARY = "libc++";
				CLANG_ENABLE_MODULES = YES;
				CLANG_ENABLE_OBJC_ARC = YES;
				CLANG_WARN_BOOL_CONVERSION = YES;
				CLANG_WARN_CONSTANT_CONVERSION = YES;
				CLANG_WARN_DIRECT_OBJC_ISA_USAGE = YES_ERROR;
				CLANG_WARN_EMPTY_BODY = YES;
				CLANG_WARN_ENUM_CONVERSION = YES;
				CLANG_WARN_INT_CONVERSION = YES;
				CLANG_WARN_OBJC_ROOT_CLASS = YES_ERROR;
				CLANG_WARN__DUPLICATE_METHOD_MATCH = YES;
				"CODE_SIGN_IDENTITY[sdk=iphoneos*]" = "iPhone Developer";
				COPY_PHASE_STRIP = NO;
				GCC_C_LANGUAGE_STANDARD = gnu99;
				GCC_DYNAMIC_NO_PIC = NO;
				GCC_OPTIMIZATION_LEVEL = 0;
				GCC_PREPROCESSOR_DEFINITIONS = (
					"DEBUG=1",
					"$(inherited)",
				);
				GCC_SYMBOLS_PRIVATE_EXTERN = NO;
				GCC_WARN_64_TO_32_BIT_CONVERSION = YES;
				GCC_WARN_ABOUT_RETURN_TYPE = YES_ERROR;
				GCC_WARN_UNDECLARED_SELECTOR = YES;
				GCC_WARN_UNINITIALIZED_AUTOS = YES_AGGRESSIVE;
				GCC_WARN_UNUSED_FUNCTION = YES;
				GCC_WARN_UNUSED_VARIABLE = YES;
				IPHONEOS_DEPLOYMENT_TARGET = 6.0;
				ONLY_ACTIVE_ARCH = YES;
				SDKROOT = iphoneos;
			};
			name = Debug;
		};
		E6EDA6F118D9713700D533C5 /* Release */ = {
			isa = XCBuildConfiguration;
			buildSettings = {
				ALWAYS_SEARCH_USER_PATHS = NO;
				CLANG_CXX_LANGUAGE_STANDARD = "gnu++0x";
				CLANG_CXX_LIBRARY = "libc++";
				CLANG_ENABLE_MODULES = YES;
				CLANG_ENABLE_OBJC_ARC = YES;
				CLANG_WARN_BOOL_CONVERSION = YES;
				CLANG_WARN_CONSTANT_CONVERSION = YES;
				CLANG_WARN_DIRECT_OBJC_ISA_USAGE = YES_ERROR;
				CLANG_WARN_EMPTY_BODY = YES;
				CLANG_WARN_ENUM_CONVERSION = YES;
				CLANG_WARN_INT_CONVERSION = YES;
				CLANG_WARN_OBJC_ROOT_CLASS = YES_ERROR;
				CLANG_WARN__DUPLICATE_METHOD_MATCH = YES;
				"CODE_SIGN_IDENTITY[sdk=iphoneos*]" = "iPhone Developer";
				COPY_PHASE_STRIP = YES;
				ENABLE_NS_ASSERTIONS = NO;
				GCC_C_LANGUAGE_STANDARD = gnu99;
				GCC_WARN_64_TO_32_BIT_CONVERSION = YES;
				GCC_WARN_ABOUT_RETURN_TYPE = YES_ERROR;
				GCC_WARN_UNDECLARED_SELECTOR = YES;
				GCC_WARN_UNINITIALIZED_AUTOS = YES_AGGRESSIVE;
				GCC_WARN_UNUSED_FUNCTION = YES;
				GCC_WARN_UNUSED_VARIABLE = YES;
				IPHONEOS_DEPLOYMENT_TARGET = 6.0;
				SDKROOT = iphoneos;
				VALIDATE_PRODUCT = YES;
			};
			name = Release;
		};
		E6EDA6F318D9713700D533C5 /* Debug */ = {
			isa = XCBuildConfiguration;
			buildSettings = {
				ASSETCATALOG_COMPILER_APPICON_NAME = AppIcon;
				ASSETCATALOG_COMPILER_LAUNCHIMAGE_NAME = LaunchImage;
				GCC_PRECOMPILE_PREFIX_HEADER = YES;
				GCC_PREFIX_HEADER = "GLLineChartView/GLLineChartView-Prefix.pch";
				INFOPLIST_FILE = "GLLineChartView/GLLineChartView-Info.plist";
				IPHONEOS_DEPLOYMENT_TARGET = 6.0;
				PRODUCT_NAME = "$(TARGET_NAME)";
				WRAPPER_EXTENSION = app;
			};
			name = Debug;
		};
		E6EDA6F418D9713700D533C5 /* Release */ = {
			isa = XCBuildConfiguration;
			buildSettings = {
				ASSETCATALOG_COMPILER_APPICON_NAME = AppIcon;
				ASSETCATALOG_COMPILER_LAUNCHIMAGE_NAME = LaunchImage;
				GCC_PRECOMPILE_PREFIX_HEADER = YES;
				GCC_PREFIX_HEADER = "GLLineChartView/GLLineChartView-Prefix.pch";
				INFOPLIST_FILE = "GLLineChartView/GLLineChartView-Info.plist";
				IPHONEOS_DEPLOYMENT_TARGET = 6.0;
				PRODUCT_NAME = "$(TARGET_NAME)";
				WRAPPER_EXTENSION = app;
			};
			name = Release;
		};
		E6EDA6F618D9713700D533C5 /* Debug */ = {
			isa = XCBuildConfiguration;
			buildSettings = {
				BUNDLE_LOADER = "$(BUILT_PRODUCTS_DIR)/GLLineChartView.app/GLLineChartView";
				FRAMEWORK_SEARCH_PATHS = (
					"$(SDKROOT)/Developer/Library/Frameworks",
					"$(inherited)",
					"$(DEVELOPER_FRAMEWORKS_DIR)",
				);
				GCC_PRECOMPILE_PREFIX_HEADER = YES;
				GCC_PREFIX_HEADER = "GLLineChartView/GLLineChartView-Prefix.pch";
				GCC_PREPROCESSOR_DEFINITIONS = (
					"DEBUG=1",
					"$(inherited)",
				);
				INFOPLIST_FILE = "GLLineChartViewTests/GLLineChartViewTests-Info.plist";
				PRODUCT_NAME = "$(TARGET_NAME)";
				TEST_HOST = "$(BUNDLE_LOADER)";
				WRAPPER_EXTENSION = xctest;
			};
			name = Debug;
		};
		E6EDA6F718D9713700D533C5 /* Release */ = {
			isa = XCBuildConfiguration;
			buildSettings = {
				BUNDLE_LOADER = "$(BUILT_PRODUCTS_DIR)/GLLineChartView.app/GLLineChartView";
				FRAMEWORK_SEARCH_PATHS = (
					"$(SDKROOT)/Developer/Library/Frameworks",
					"$(inherited)",
					"$(DEVELOPER_FRAMEWORKS_DIR)",
				);
				GCC_PRECOMPILE_PREFIX_HEADER = YES;
				GCC_PREFIX_HEADER = "GLLineChartView/GLLineChartView-Prefix.pch";
				INFOPLIST_FILE = "GLLineChartViewTests/GLLineChartViewTests-Info.plist";
				PRODUCT_NAME = "$(TARGET_NAME)";
				TEST_HOST = "$(BUNDLE_LOADER)";
				WRAPPER_EXTENSION = xctest;
			};
			name = Release;
		};
/* End XCBuildConfiguration section */

/* Begin XCConfigurationList section */
		E6EDA6BB18D9713700D533C5 /* Build configuration list for PBXProject "GLLineChartView" */ = {
			isa = XCConfigurationList;
			buildConfigurations = (
				E6EDA6F018D9713700D533C5 /* Debug */,
				E6EDA6F118D9713700D533C5 /* Release */,
			);
			defaultConfigurationIsVisible = 0;
			defaultConfigurationName = Release;
		};
		E6EDA6F218D9713700D533C5 /* Build configuration list for PBXNativeTarget "GLLineChartView" */ = {
			isa = XCConfigurationList;
			buildConfigurations = (
				E6EDA6F318D9713700D533C5 /* Debug */,
				E6EDA6F418D9713700D533C5 /* Release */,
			);
			defaultConfigurationIsVisible = 0;
			defaultConfigurationName = Release;
		};
		E6EDA6F518D9713700D533C5 /* Build configuration list for PBXNativeTarget "GLLineChartViewTests" */ = {
			isa = XCConfigurationList;
			buildConfigurations = (
				E6EDA6F618D9713700D533C5 /* Debug */,
				E6EDA6F718D9713700D533C5 /* Release */,
			);
			defaultConfigurationIsVisible = 0;
			defaultConfigurationName = Release;
		};
/* End XCConfigurationList section */
	};
	rootObject = E6EDA6B818D9713700D533C5 /* Project object */;
}
